
Microsoft Visual Studio Solution File, Format Version 12.00
# Visual Studio 15
VisualStudioVersion = 15.0.27428.2043
MinimumVisualStudioVersion = 10.0.40219.1
Project("{6989167D-11E4-40FE-8C1A-2192A86A7E90}") = "mf6ggmpost", "mf6ggmpost.vfproj", "{3FDD131D-FBB4-49D3-BE20-FE4740B04A68}"
EndProject
Global
	GlobalSection(SolutionConfigurationPlatforms) = preSolution
		Debug|x64 = Debug|x64
		Debug|x86 = Debug|x86
		Release|x64 = Release|x64
		Release|x86 = Release|x86
	EndGlobalSection
	GlobalSection(ProjectConfigurationPlatforms) = postSolution
		{3FDD131D-FBB4-49D3-BE20-FE4740B04A68}.Debug|x64.ActiveCfg = Debug|x64
		{3FDD131D-FBB4-49D3-BE20-FE4740B04A68}.Debug|x64.Build.0 = Debug|x64
		{3FDD131D-FBB4-49D3-BE20-FE4740B04A68}.Debug|x86.ActiveCfg = Debug|Win32
		{3FDD131D-FBB4-49D3-BE20-FE4740B04A68}.Debug|x86.Build.0 = Debug|Win32
		{3FDD131D-FBB4-49D3-BE20-FE4740B04A68}.Release|x64.ActiveCfg = Release|x64
		{3FDD131D-FBB4-49D3-BE20-FE4740B04A68}.Release|x64.Build.0 = Release|x64
		{3FDD131D-FBB4-49D3-BE20-FE4740B04A68}.Release|x86.ActiveCfg = Release|Win32
		{3FDD131D-FBB4-49D3-BE20-FE4740B04A68}.Release|x86.Build.0 = Release|Win32
	EndGlobalSection
	GlobalSection(SolutionProperties) = preSolution
		HideSolutionNode = FALSE
	EndGlobalSection
	GlobalSection(ExtensibilityGlobals) = postSolution
		SolutionGuid = {EDAFDB2E-DBE7-47A6-9761-0BE3A16A0CC6}
	EndGlobalSection
EndGlobal
