
Microsoft Visual Studio Solution File, Format Version 12.00
# Visual Studio 15
VisualStudioVersion = 15.0.27428.2043
MinimumVisualStudioVersion = 10.0.40219.1
Project("{6989167D-11E4-40FE-8C1A-2192A86A7E90}") = "sgsim", "sgsim.vfproj", "{F91EC197-789E-474F-81FF-2C6B90AA39BB}"
EndProject
Global
	GlobalSection(SolutionConfigurationPlatforms) = preSolution
		Debug|x64 = Debug|x64
		Debug|x86 = Debug|x86
		Release|x64 = Release|x64
		Release|x86 = Release|x86
	EndGlobalSection
	GlobalSection(ProjectConfigurationPlatforms) = postSolution
		{F91EC197-789E-474F-81FF-2C6B90AA39BB}.Debug|x64.ActiveCfg = Debug|x64
		{F91EC197-789E-474F-81FF-2C6B90AA39BB}.Debug|x64.Build.0 = Debug|x64
		{F91EC197-789E-474F-81FF-2C6B90AA39BB}.Debug|x86.ActiveCfg = Debug|Win32
		{F91EC197-789E-474F-81FF-2C6B90AA39BB}.Debug|x86.Build.0 = Debug|Win32
		{F91EC197-789E-474F-81FF-2C6B90AA39BB}.Release|x64.ActiveCfg = Release|x64
		{F91EC197-789E-474F-81FF-2C6B90AA39BB}.Release|x64.Build.0 = Release|x64
		{F91EC197-789E-474F-81FF-2C6B90AA39BB}.Release|x86.ActiveCfg = Release|Win32
		{F91EC197-789E-474F-81FF-2C6B90AA39BB}.Release|x86.Build.0 = Release|Win32
	EndGlobalSection
	GlobalSection(SolutionProperties) = preSolution
		HideSolutionNode = FALSE
	EndGlobalSection
	GlobalSection(ExtensibilityGlobals) = postSolution
		SolutionGuid = {5A2F6DA1-4167-406D-85E0-79B4DEF5FA95}
	EndGlobalSection
EndGlobal
