
Microsoft Visual Studio Solution File, Format Version 12.00
# Visual Studio 15
VisualStudioVersion = 15.0.27428.2043
MinimumVisualStudioVersion = 10.0.40219.1
Project("{6989167D-11E4-40FE-8C1A-2192A86A7E90}") = "peano", "peano.vfproj", "{C916254F-1B86-4D13-94B7-FCD3FF0C61EC}"
EndProject
Global
	GlobalSection(SolutionConfigurationPlatforms) = preSolution
		Debug|x64 = Debug|x64
		Debug|x86 = Debug|x86
		Release|x64 = Release|x64
		Release|x86 = Release|x86
	EndGlobalSection
	GlobalSection(ProjectConfigurationPlatforms) = postSolution
		{C916254F-1B86-4D13-94B7-FCD3FF0C61EC}.Debug|x64.ActiveCfg = Debug|x64
		{C916254F-1B86-4D13-94B7-FCD3FF0C61EC}.Debug|x64.Build.0 = Debug|x64
		{C916254F-1B86-4D13-94B7-FCD3FF0C61EC}.Debug|x86.ActiveCfg = Debug|Win32
		{C916254F-1B86-4D13-94B7-FCD3FF0C61EC}.Debug|x86.Build.0 = Debug|Win32
		{C916254F-1B86-4D13-94B7-FCD3FF0C61EC}.Release|x64.ActiveCfg = Release|x64
		{C916254F-1B86-4D13-94B7-FCD3FF0C61EC}.Release|x64.Build.0 = Release|x64
		{C916254F-1B86-4D13-94B7-FCD3FF0C61EC}.Release|x86.ActiveCfg = Release|Win32
		{C916254F-1B86-4D13-94B7-FCD3FF0C61EC}.Release|x86.Build.0 = Release|Win32
	EndGlobalSection
	GlobalSection(SolutionProperties) = preSolution
		HideSolutionNode = FALSE
	EndGlobalSection
	GlobalSection(ExtensibilityGlobals) = postSolution
		SolutionGuid = {568CA6BD-B637-4864-89A3-31018D6A24A0}
	EndGlobalSection
EndGlobal
